// !$*UTF8*$!
{
	archiveVersion = 1;
	classes = {
	};
	objectVersion = 50;
	objects = {

/* Begin PBXBuildFile section */
		6D7B53C3223FD34600610DB0 /* AppDelegate.swift in Sources */ = {isa = PBXBuildFile; fileRef = 6D7B53C2223FD34600610DB0 /* AppDelegate.swift */; };
		6D7B53C5223FD34600610DB0 /* ViewController.swift in Sources */ = {isa = PBXBuildFile; fileRef = 6D7B53C4223FD34600610DB0 /* ViewController.swift */; };
		6D7B53CA223FD34A00610DB0 /* Assets.xcassets in Resources */ = {isa = PBXBuildFile; fileRef = 6D7B53C9223FD34A00610DB0 /* Assets.xcassets */; };
		6D7B53CD223FD34A00610DB0 /* LaunchScreen.storyboard in Resources */ = {isa = PBXBuildFile; fileRef = 6D7B53CB223FD34A00610DB0 /* LaunchScreen.storyboard */; };
		6D7B53D5223FD87A00610DB0 /* CameraViewController.swift in Sources */ = {isa = PBXBuildFile; fileRef = 6D7B53D4223FD87A00610DB0 /* CameraViewController.swift */; };
		6D7B53D9223FDFEB00610DB0 /* State.swift in Sources */ = {isa = PBXBuildFile; fileRef = 6D7B53D8223FDFEB00610DB0 /* State.swift */; };
		6D92974123622BC90094D8A5 /* GammaControl.swift in Sources */ = {isa = PBXBuildFile; fileRef = 6D92974023622BC90094D8A5 /* GammaControl.swift */; };
		6D96F99A22B180AD003CE3C0 /* UIImageHelper.swift in Sources */ = {isa = PBXBuildFile; fileRef = 6D96F99922B180AD003CE3C0 /* UIImageHelper.swift */; };
		6DD4AA0D22B287D200685F4D /* Main.storyboard in Resources */ = {isa = PBXBuildFile; fileRef = 6DD4AA0B22B287D200685F4D /* Main.storyboard */; };
/* End PBXBuildFile section */

/* Begin PBXFileReference section */
		6D7B53BF223FD34600610DB0 /* UVCamera.app */ = {isa = PBXFileReference; explicitFileType = wrapper.application; includeInIndex = 0; path = UVCamera.app; sourceTree = BUILT_PRODUCTS_DIR; };
		6D7B53C2223FD34600610DB0 /* AppDelegate.swift */ = {isa = PBXFileReference; lastKnownFileType = sourcecode.swift; path = AppDelegate.swift; sourceTree = "<group>"; };
		6D7B53C4223FD34600610DB0 /* ViewController.swift */ = {isa = PBXFileReference; lastKnownFileType = sourcecode.swift; path = ViewController.swift; sourceTree = "<group>"; };
		6D7B53C9223FD34A00610DB0 /* Assets.xcassets */ = {isa = PBXFileReference; lastKnownFileType = folder.assetcatalog; path = Assets.xcassets; sourceTree = "<group>"; };
		6D7B53CC223FD34A00610DB0 /* Base */ = {isa = PBXFileReference; lastKnownFileType = file.storyboard; name = Base; path = Base.lproj/LaunchScreen.storyboard; sourceTree = "<group>"; };
		6D7B53CE223FD34A00610DB0 /* Info.plist */ = {isa = PBXFileReference; lastKnownFileType = text.plist.xml; path = Info.plist; sourceTree = "<group>"; };
		6D7B53D4223FD87A00610DB0 /* CameraViewController.swift */ = {isa = PBXFileReference; lastKnownFileType = sourcecode.swift; path = CameraViewController.swift; sourceTree = "<group>"; };
		6D7B53D8223FDFEB00610DB0 /* State.swift */ = {isa = PBXFileReference; lastKnownFileType = sourcecode.swift; path = State.swift; sourceTree = "<group>"; };
		6D92974023622BC90094D8A5 /* GammaControl.swift */ = {isa = PBXFileReference; lastKnownFileType = sourcecode.swift; path = GammaControl.swift; sourceTree = "<group>"; };
		6D96F99922B180AD003CE3C0 /* UIImageHelper.swift */ = {isa = PBXFileReference; lastKnownFileType = sourcecode.swift; path = UIImageHelper.swift; sourceTree = "<group>"; };
		6DD4AA0C22B287D200685F4D /* Base */ = {isa = PBXFileReference; lastKnownFileType = file.storyboard; name = Base; path = Base.lproj/Main.storyboard; sourceTree = "<group>"; };
/* End PBXFileReference section */

/* Begin PBXFrameworksBuildPhase section */
		6D7B53BC223FD34600610DB0 /* Frameworks */ = {
			isa = PBXFrameworksBuildPhase;
			buildActionMask = 2147483647;
			files = (
			);
			runOnlyForDeploymentPostprocessing = 0;
		};
/* End PBXFrameworksBuildPhase section */

/* Begin PBXGroup section */
		6D7B53B6223FD34600610DB0 = {
			isa = PBXGroup;
			children = (
				6D7B53C1223FD34600610DB0 /* UVCamera */,
				6D7B53C0223FD34600610DB0 /* Products */,
			);
			sourceTree = "<group>";
		};
		6D7B53C0223FD34600610DB0 /* Products */ = {
			isa = PBXGroup;
			children = (
				6D7B53BF223FD34600610DB0 /* UVCamera.app */,
			);
			name = Products;
			sourceTree = "<group>";
		};
		6D7B53C1223FD34600610DB0 /* UVCamera */ = {
			isa = PBXGroup;
			children = (
				6DD4AA0B22B287D200685F4D /* Main.storyboard */,
				6D7B53C2223FD34600610DB0 /* AppDelegate.swift */,
				6D7B53C9223FD34A00610DB0 /* Assets.xcassets */,
				6D7B53CE223FD34A00610DB0 /* Info.plist */,
				6D7B53CB223FD34A00610DB0 /* LaunchScreen.storyboard */,
				6D7B53D8223FDFEB00610DB0 /* State.swift */,
				6D7B53C4223FD34600610DB0 /* ViewController.swift */,
				6D7B53D4223FD87A00610DB0 /* CameraViewController.swift */,
				6D96F99922B180AD003CE3C0 /* UIImageHelper.swift */,
				6D92974023622BC90094D8A5 /* GammaControl.swift */,
			);
			path = UVCamera;
			sourceTree = "<group>";
		};
/* End PBXGroup section */

/* Begin PBXNativeTarget section */
		6D7B53BE223FD34600610DB0 /* UVCamera */ = {
			isa = PBXNativeTarget;
			buildConfigurationList = 6D7B53D1223FD34A00610DB0 /* Build configuration list for PBXNativeTarget "UVCamera" */;
			buildPhases = (
				6D7B53BB223FD34600610DB0 /* Sources */,
				6D7B53BC223FD34600610DB0 /* Frameworks */,
				6D7B53BD223FD34600610DB0 /* Resources */,
			);
			buildRules = (
			);
			dependencies = (
			);
			name = UVCamera;
			productName = UVCamera;
			productReference = 6D7B53BF223FD34600610DB0 /* UVCamera.app */;
			productType = "com.apple.product-type.application";
		};
/* End PBXNativeTarget section */

/* Begin PBXProject section */
		6D7B53B7223FD34600610DB0 /* Project object */ = {
			isa = PBXProject;
			attributes = {
				LastSwiftUpdateCheck = 1010;
				LastUpgradeCheck = 1010;
				ORGANIZATIONNAME = "Wasatch Photonics";
				TargetAttributes = {
					6D7B53BE223FD34600610DB0 = {
						CreatedOnToolsVersion = 10.1;
						LastSwiftMigration = 1020;
					};
				};
			};
			buildConfigurationList = 6D7B53BA223FD34600610DB0 /* Build configuration list for PBXProject "UVCamera" */;
			compatibilityVersion = "Xcode 9.3";
			developmentRegion = en;
			hasScannedForEncodings = 0;
			knownRegions = (
				en,
				Base,
			);
			mainGroup = 6D7B53B6223FD34600610DB0;
			productRefGroup = 6D7B53C0223FD34600610DB0 /* Products */;
			projectDirPath = "";
			projectRoot = "";
			targets = (
				6D7B53BE223FD34600610DB0 /* UVCamera */,
			);
		};
/* End PBXProject section */

/* Begin PBXResourcesBuildPhase section */
		6D7B53BD223FD34600610DB0 /* Resources */ = {
			isa = PBXResourcesBuildPhase;
			buildActionMask = 2147483647;
			files = (
				6DD4AA0D22B287D200685F4D /* Main.storyboard in Resources */,
				6D7B53CD223FD34A00610DB0 /* LaunchScreen.storyboard in Resources */,
				6D7B53CA223FD34A00610DB0 /* Assets.xcassets in Resources */,
			);
			runOnlyForDeploymentPostprocessing = 0;
		};
/* End PBXResourcesBuildPhase section */

/* Begin PBXSourcesBuildPhase section */
		6D7B53BB223FD34600610DB0 /* Sources */ = {
			isa = PBXSourcesBuildPhase;
			buildActionMask = 2147483647;
			files = (
				6D7B53C5223FD34600610DB0 /* ViewController.swift in Sources */,
				6D96F99A22B180AD003CE3C0 /* UIImageHelper.swift in Sources */,
				6D7B53C3223FD34600610DB0 /* AppDelegate.swift in Sources */,
				6D92974123622BC90094D8A5 /* GammaControl.swift in Sources */,
				6D7B53D5223FD87A00610DB0 /* CameraViewController.swift in Sources */,
				6D7B53D9223FDFEB00610DB0 /* State.swift in Sources */,
			);
			runOnlyForDeploymentPostprocessing = 0;
		};
/* End PBXSourcesBuildPhase section */

/* Begin PBXVariantGroup section */
		6D7B53CB223FD34A00610DB0 /* LaunchScreen.storyboard */ = {
			isa = PBXVariantGroup;
			children = (
				6D7B53CC223FD34A00610DB0 /* Base */,
			);
			name = LaunchScreen.storyboard;
			sourceTree = "<group>";
		};
		6DD4AA0B22B287D200685F4D /* Main.storyboard */ = {
			isa = PBXVariantGroup;
			children = (
				6DD4AA0C22B287D200685F4D /* Base */,
			);
			name = Main.storyboard;
			sourceTree = "<group>";
		};
/* End PBXVariantGroup section */

/* Begin XCBuildConfiguration section */
		6D7B53CF223FD34A00610DB0 /* Debug */ = {
			isa = XCBuildConfiguration;
			buildSettings = {
				ALWAYS_SEARCH_USER_PATHS = NO;
				CLANG_ANALYZER_NONNULL = YES;
				CLANG_ANALYZER_NUMBER_OBJECT_CONVERSION = YES_AGGRESSIVE;
				CLANG_CXX_LANGUAGE_STANDARD = "gnu++14";
				CLANG_CXX_LIBRARY = "libc++";
				CLANG_ENABLE_MODULES = YES;
				CLANG_ENABLE_OBJC_ARC = YES;
				CLANG_ENABLE_OBJC_WEAK = YES;
				CLANG_WARN_BLOCK_CAPTURE_AUTORELEASING = YES;
				CLANG_WARN_BOOL_CONVERSION = YES;
				CLANG_WARN_COMMA = YES;
				CLANG_WARN_CONSTANT_CONVERSION = YES;
				CLANG_WARN_DEPRECATED_OBJC_IMPLEMENTATIONS = YES;
				CLANG_WARN_DIRECT_OBJC_ISA_USAGE = YES_ERROR;
				CLANG_WARN_DOCUMENTATION_COMMENTS = YES;
				CLANG_WARN_EMPTY_BODY = YES;
				CLANG_WARN_ENUM_CONVERSION = YES;
				CLANG_WARN_INFINITE_RECURSION = YES;
				CLANG_WARN_INT_CONVERSION = YES;
				CLANG_WARN_NON_LITERAL_NULL_CONVERSION = YES;
				CLANG_WARN_OBJC_IMPLICIT_RETAIN_SELF = YES;
				CLANG_WARN_OBJC_LITERAL_CONVERSION = YES;
				CLANG_WARN_OBJC_ROOT_CLASS = YES_ERROR;
				CLANG_WARN_RANGE_LOOP_ANALYSIS = YES;
				CLANG_WARN_STRICT_PROTOTYPES = YES;
				CLANG_WARN_SUSPICIOUS_MOVE = YES;
				CLANG_WARN_UNGUARDED_AVAILABILITY = YES_AGGRESSIVE;
				CLANG_WARN_UNREACHABLE_CODE = YES;
				CLANG_WARN__DUPLICATE_METHOD_MATCH = YES;
				CODE_SIGN_IDENTITY = "iPhone Developer";
				COPY_PHASE_STRIP = NO;
				DEBUG_INFORMATION_FORMAT = dwarf;
				ENABLE_STRICT_OBJC_MSGSEND = YES;
				ENABLE_TESTABILITY = YES;
				GCC_C_LANGUAGE_STANDARD = gnu11;
				GCC_DYNAMIC_NO_PIC = NO;
				GCC_NO_COMMON_BLOCKS = YES;
				GCC_OPTIMIZATION_LEVEL = 0;
				GCC_PREPROCESSOR_DEFINITIONS = (
					"DEBUG=1",
					"$(inherited)",
				);
				GCC_WARN_64_TO_32_BIT_CONVERSION = YES;
				GCC_WARN_ABOUT_RETURN_TYPE = YES_ERROR;
				GCC_WARN_UNDECLARED_SELECTOR = YES;
				GCC_WARN_UNINITIALIZED_AUTOS = YES_AGGRESSIVE;
				GCC_WARN_UNUSED_FUNCTION = YES;
				GCC_WARN_UNUSED_VARIABLE = YES;
				IPHONEOS_DEPLOYMENT_TARGET = 12.1;
				MTL_ENABLE_DEBUG_INFO = INCLUDE_SOURCE;
				MTL_FAST_MATH = YES;
				ONLY_ACTIVE_ARCH = YES;
				SDKROOT = iphoneos;
				SWIFT_ACTIVE_COMPILATION_CONDITIONS = DEBUG;
				SWIFT_OPTIMIZATION_LEVEL = "-Onone";
			};
			name = Debug;
		};
		6D7B53D0223FD34A00610DB0 /* Release */ = {
			isa = XCBuildConfiguration;
			buildSettings = {
				ALWAYS_SEARCH_USER_PATHS = NO;
				CLANG_ANALYZER_NONNULL = YES;
				CLANG_ANALYZER_NUMBER_OBJECT_CONVERSION = YES_AGGRESSIVE;
				CLANG_CXX_LANGUAGE_STANDARD = "gnu++14";
				CLANG_CXX_LIBRARY = "libc++";
				CLANG_ENABLE_MODULES = YES;
				CLANG_ENABLE_OBJC_ARC = YES;
				CLANG_ENABLE_OBJC_WEAK = YES;
				CLANG_WARN_BLOCK_CAPTURE_AUTORELEASING = YES;
				CLANG_WARN_BOOL_CONVERSION = YES;
				CLANG_WARN_COMMA = YES;
				CLANG_WARN_CONSTANT_CONVERSION = YES;
				CLANG_WARN_DEPRECATED_OBJC_IMPLEMENTATIONS = YES;
				CLANG_WARN_DIRECT_OBJC_ISA_USAGE = YES_ERROR;
				CLANG_WARN_DOCUMENTATION_COMMENTS = YES;
				CLANG_WARN_EMPTY_BODY = YES;
				CLANG_WARN_ENUM_CONVERSION = YES;
				CLANG_WARN_INFINITE_RECURSION = YES;
				CLANG_WARN_INT_CONVERSION = YES;
				CLANG_WARN_NON_LITERAL_NULL_CONVERSION = YES;
				CLANG_WARN_OBJC_IMPLICIT_RETAIN_SELF = YES;
				CLANG_WARN_OBJC_LITERAL_CONVERSION = YES;
				CLANG_WARN_OBJC_ROOT_CLASS = YES_ERROR;
				CLANG_WARN_RANGE_LOOP_ANALYSIS = YES;
				CLANG_WARN_STRICT_PROTOTYPES = YES;
				CLANG_WARN_SUSPICIOUS_MOVE = YES;
				CLANG_WARN_UNGUARDED_AVAILABILITY = YES_AGGRESSIVE;
				CLANG_WARN_UNREACHABLE_CODE = YES;
				CLANG_WARN__DUPLICATE_METHOD_MATCH = YES;
				CODE_SIGN_IDENTITY = "iPhone Developer";
				COPY_PHASE_STRIP = NO;
				DEBUG_INFORMATION_FORMAT = "dwarf-with-dsym";
				ENABLE_NS_ASSERTIONS = NO;
				ENABLE_STRICT_OBJC_MSGSEND = YES;
				GCC_C_LANGUAGE_STANDARD = gnu11;
				GCC_NO_COMMON_BLOCKS = YES;
				GCC_WARN_64_TO_32_BIT_CONVERSION = YES;
				GCC_WARN_ABOUT_RETURN_TYPE = YES_ERROR;
				GCC_WARN_UNDECLARED_SELECTOR = YES;
				GCC_WARN_UNINITIALIZED_AUTOS = YES_AGGRESSIVE;
				GCC_WARN_UNUSED_FUNCTION = YES;
				GCC_WARN_UNUSED_VARIABLE = YES;
				IPHONEOS_DEPLOYMENT_TARGET = 12.1;
				MTL_ENABLE_DEBUG_INFO = NO;
				MTL_FAST_MATH = YES;
				SDKROOT = iphoneos;
				SWIFT_COMPILATION_MODE = wholemodule;
				SWIFT_OPTIMIZATION_LEVEL = "-O";
				VALIDATE_PRODUCT = YES;
			};
			name = Release;
		};
		6D7B53D2223FD34A00610DB0 /* Debug */ = {
			isa = XCBuildConfiguration;
			buildSettings = {
				ASSETCATALOG_COMPILER_APPICON_NAME = AppIcon;
				CODE_SIGN_STYLE = Automatic;
				DEVELOPMENT_TEAM = 939LQPEVSQ;
				INFOPLIST_FILE = UVCamera/Info.plist;
				IPHONEOS_DEPLOYMENT_TARGET = 13.0;
				LD_RUNPATH_SEARCH_PATHS = (
					"$(inherited)",
					"@executable_path/Frameworks",
				);
				PRODUCT_BUNDLE_IDENTIFIER = com.WasatchPhotonics.UVCamera;
				PRODUCT_NAME = "$(TARGET_NAME)";
				SWIFT_VERSION = 5.0;
				TARGETED_DEVICE_FAMILY = 1;
			};
			name = Debug;
		};
		6D7B53D3223FD34A00610DB0 /* Release */ = {
			isa = XCBuildConfiguration;
			buildSettings = {
				ASSETCATALOG_COMPILER_APPICON_NAME = AppIcon;
				CODE_SIGN_STYLE = Automatic;
				DEVELOPMENT_TEAM = 939LQPEVSQ;
				INFOPLIST_FILE = UVCamera/Info.plist;
				IPHONEOS_DEPLOYMENT_TARGET = 13.0;
				LD_RUNPATH_SEARCH_PATHS = (
					"$(inherited)",
					"@executable_path/Frameworks",
				);
				PRODUCT_BUNDLE_IDENTIFIER = com.WasatchPhotonics.UVCamera;
				PRODUCT_NAME = "$(TARGET_NAME)";
				SWIFT_VERSION = 5.0;
				TARGETED_DEVICE_FAMILY = 1;
			};
			name = Release;
		};
/* End XCBuildConfiguration section */

/* Begin XCConfigurationList section */
		6D7B53BA223FD34600610DB0 /* Build configuration list for PBXProject "UVCamera" */ = {
			isa = XCConfigurationList;
			buildConfigurations = (
				6D7B53CF223FD34A00610DB0 /* Debug */,
				6D7B53D0223FD34A00610DB0 /* Release */,
			);
			defaultConfigurationIsVisible = 0;
			defaultConfigurationName = Release;
		};
		6D7B53D1223FD34A00610DB0 /* Build configuration list for PBXNativeTarget "UVCamera" */ = {
			isa = XCConfigurationList;
			buildConfigurations = (
				6D7B53D2223FD34A00610DB0 /* Debug */,
				6D7B53D3223FD34A00610DB0 /* Release */,
			);
			defaultConfigurationIsVisible = 0;
			defaultConfigurationName = Release;
		};
/* End XCConfigurationList section */
	};
	rootObject = 6D7B53B7223FD34600610DB0 /* Project object */;
}
